
Microsoft Visual Studio Solution File, Format Version 12.00
# Visual Studio 2012
Project("{FAE04EC0-301F-11D3-BF4B-00C04F79EFBC}") = "Assignment_one", "Assignment_one\Assignment_one.csproj", "{480E2D3C-E675-471B-A10A-75577F699333}"
EndProject
Global
	GlobalSection(SolutionConfigurationPlatforms) = preSolution
		Debug|Any CPU = Debug|Any CPU
		Release|Any CPU = Release|Any CPU
	EndGlobalSection
	GlobalSection(ProjectConfigurationPlatforms) = postSolution
		{480E2D3C-E675-471B-A10A-75577F699333}.Debug|Any CPU.ActiveCfg = Debug|Any CPU
		{480E2D3C-E675-471B-A10A-75577F699333}.Debug|Any CPU.Build.0 = Debug|Any CPU
		{480E2D3C-E675-471B-A10A-75577F699333}.Release|Any CPU.ActiveCfg = Release|Any CPU
		{480E2D3C-E675-471B-A10A-75577F699333}.Release|Any CPU.Build.0 = Release|Any CPU
	EndGlobalSection
	GlobalSection(SolutionProperties) = preSolution
		HideSolutionNode = FALSE
	EndGlobalSection
EndGlobal
